# This file is automatically @generated by Cargo.
# It is not intended for manual editing.
[[package]]
name = "ptt"
version = "0.5.0"
dependencies = [
 "shellexpand",
]

[[package]]
name = "shellexpand"
version = "1.0.0"
source = "registry+https://github.com/rust-lang/crates.io-index"
checksum = "de7a5b5a9142fd278a10e0209b021a1b85849352e6951f4f914735c976737564"
